// !$*UTF8*$!
{
	archiveVersion = 1;
	classes = {
	};
	objectVersion = 55;
	objects = {

/* Begin PBXBuildFile section */
		66256F4827C6D5850000B025 /* Notification.swift in Sources */ = {isa = PBXBuildFile; fileRef = 66256F4727C6D5850000B025 /* Notification.swift */; };
		66D465B027CEBB2F00BBD927 /* TableView.swift in Sources */ = {isa = PBXBuildFile; fileRef = 66D465AF27CEBB2F00BBD927 /* TableView.swift */; };
		66D920E027B876B300684017 /* AppDelegate.swift in Sources */ = {isa = PBXBuildFile; fileRef = 66D920DF27B876B300684017 /* AppDelegate.swift */; };
		66D920E227B876B300684017 /* SceneDelegate.swift in Sources */ = {isa = PBXBuildFile; fileRef = 66D920E127B876B300684017 /* SceneDelegate.swift */; };
		66D920E427B876B300684017 /* ViewController.swift in Sources */ = {isa = PBXBuildFile; fileRef = 66D920E327B876B300684017 /* ViewController.swift */; };
		66D920E727B876B300684017 /* Main.storyboard in Resources */ = {isa = PBXBuildFile; fileRef = 66D920E527B876B300684017 /* Main.storyboard */; };
		66D920E927B876B400684017 /* Assets.xcassets in Resources */ = {isa = PBXBuildFile; fileRef = 66D920E827B876B400684017 /* Assets.xcassets */; };
		66D920EC27B876B400684017 /* LaunchScreen.storyboard in Resources */ = {isa = PBXBuildFile; fileRef = 66D920EA27B876B400684017 /* LaunchScreen.storyboard */; };
		66D920F427B87D1C00684017 /* ToDoListViewController.swift in Sources */ = {isa = PBXBuildFile; fileRef = 66D920F327B87D1C00684017 /* ToDoListViewController.swift */; };
		66D920F627B88E0000684017 /* InventoryViewController.swift in Sources */ = {isa = PBXBuildFile; fileRef = 66D920F527B88E0000684017 /* InventoryViewController.swift */; };
		66D9212327B9234700684017 /* DataModel.xcdatamodeld in Sources */ = {isa = PBXBuildFile; fileRef = 66D9212127B9234700684017 /* DataModel.xcdatamodeld */; };
		66D9212527B94B4200684017 /* CustomCollectionViewCell.swift in Sources */ = {isa = PBXBuildFile; fileRef = 66D9212427B94B4200684017 /* CustomCollectionViewCell.swift */; };
/* End PBXBuildFile section */

/* Begin PBXFileReference section */
		66256F4727C6D5850000B025 /* Notification.swift */ = {isa = PBXFileReference; lastKnownFileType = sourcecode.swift; path = Notification.swift; sourceTree = "<group>"; };
		66D465AF27CEBB2F00BBD927 /* TableView.swift */ = {isa = PBXFileReference; lastKnownFileType = sourcecode.swift; path = TableView.swift; sourceTree = "<group>"; };
		66D920DC27B876B300684017 /* homeApp.app */ = {isa = PBXFileReference; explicitFileType = wrapper.application; includeInIndex = 0; path = homeApp.app; sourceTree = BUILT_PRODUCTS_DIR; };
		66D920DF27B876B300684017 /* AppDelegate.swift */ = {isa = PBXFileReference; lastKnownFileType = sourcecode.swift; path = AppDelegate.swift; sourceTree = "<group>"; };
		66D920E127B876B300684017 /* SceneDelegate.swift */ = {isa = PBXFileReference; lastKnownFileType = sourcecode.swift; path = SceneDelegate.swift; sourceTree = "<group>"; };
		66D920E327B876B300684017 /* ViewController.swift */ = {isa = PBXFileReference; lastKnownFileType = sourcecode.swift; path = ViewController.swift; sourceTree = "<group>"; };
		66D920E627B876B300684017 /* Base */ = {isa = PBXFileReference; lastKnownFileType = file.storyboard; name = Base; path = Base.lproj/Main.storyboard; sourceTree = "<group>"; };
		66D920E827B876B400684017 /* Assets.xcassets */ = {isa = PBXFileReference; lastKnownFileType = folder.assetcatalog; path = Assets.xcassets; sourceTree = "<group>"; };
		66D920EB27B876B400684017 /* Base */ = {isa = PBXFileReference; lastKnownFileType = file.storyboard; name = Base; path = Base.lproj/LaunchScreen.storyboard; sourceTree = "<group>"; };
		66D920ED27B876B400684017 /* Info.plist */ = {isa = PBXFileReference; lastKnownFileType = text.plist.xml; path = Info.plist; sourceTree = "<group>"; };
		66D920F327B87D1C00684017 /* ToDoListViewController.swift */ = {isa = PBXFileReference; lastKnownFileType = sourcecode.swift; path = ToDoListViewController.swift; sourceTree = "<group>"; };
		66D920F527B88E0000684017 /* InventoryViewController.swift */ = {isa = PBXFileReference; lastKnownFileType = sourcecode.swift; path = InventoryViewController.swift; sourceTree = "<group>"; };
		66D9212227B9234700684017 /* DataModel.xcdatamodel */ = {isa = PBXFileReference; lastKnownFileType = wrapper.xcdatamodel; path = DataModel.xcdatamodel; sourceTree = "<group>"; };
		66D9212427B94B4200684017 /* CustomCollectionViewCell.swift */ = {isa = PBXFileReference; lastKnownFileType = sourcecode.swift; path = CustomCollectionViewCell.swift; sourceTree = "<group>"; };
/* End PBXFileReference section */

/* Begin PBXFrameworksBuildPhase section */
		66D920D927B876B300684017 /* Frameworks */ = {
			isa = PBXFrameworksBuildPhase;
			buildActionMask = 2147483647;
			files = (
			);
			runOnlyForDeploymentPostprocessing = 0;
		};
/* End PBXFrameworksBuildPhase section */

/* Begin PBXGroup section */
		66D920D327B876B300684017 = {
			isa = PBXGroup;
			children = (
				66D9212127B9234700684017 /* DataModel.xcdatamodeld */,
				66D920DE27B876B300684017 /* homeApp */,
				66D920DD27B876B300684017 /* Products */,
			);
			sourceTree = "<group>";
		};
		66D920DD27B876B300684017 /* Products */ = {
			isa = PBXGroup;
			children = (
				66D920DC27B876B300684017 /* homeApp.app */,
			);
			name = Products;
			sourceTree = "<group>";
		};
		66D920DE27B876B300684017 /* homeApp */ = {
			isa = PBXGroup;
			children = (
				66D920DF27B876B300684017 /* AppDelegate.swift */,
				66D920E127B876B300684017 /* SceneDelegate.swift */,
				66D920E327B876B300684017 /* ViewController.swift */,
				66D465AF27CEBB2F00BBD927 /* TableView.swift */,
				66256F4727C6D5850000B025 /* Notification.swift */,
				66D920F327B87D1C00684017 /* ToDoListViewController.swift */,
				66D920F527B88E0000684017 /* InventoryViewController.swift */,
				66D9212427B94B4200684017 /* CustomCollectionViewCell.swift */,
				66D920E527B876B300684017 /* Main.storyboard */,
				66D920E827B876B400684017 /* Assets.xcassets */,
				66D920EA27B876B400684017 /* LaunchScreen.storyboard */,
				66D920ED27B876B400684017 /* Info.plist */,
			);
			path = homeApp;
			sourceTree = "<group>";
		};
/* End PBXGroup section */

/* Begin PBXNativeTarget section */
		66D920DB27B876B300684017 /* homeApp */ = {
			isa = PBXNativeTarget;
			buildConfigurationList = 66D920F027B876B400684017 /* Build configuration list for PBXNativeTarget "homeApp" */;
			buildPhases = (
				66D920D827B876B300684017 /* Sources */,
				66D920D927B876B300684017 /* Frameworks */,
				66D920DA27B876B300684017 /* Resources */,
			);
			buildRules = (
			);
			dependencies = (
			);
			name = homeApp;
			productName = homeApp;
			productReference = 66D920DC27B876B300684017 /* homeApp.app */;
			productType = "com.apple.product-type.application";
		};
/* End PBXNativeTarget section */

/* Begin PBXProject section */
		66D920D427B876B300684017 /* Project object */ = {
			isa = PBXProject;
			attributes = {
				BuildIndependentTargetsInParallel = 1;
				LastSwiftUpdateCheck = 1320;
				LastUpgradeCheck = 1320;
				TargetAttributes = {
					66D920DB27B876B300684017 = {
						CreatedOnToolsVersion = 13.2.1;
					};
				};
			};
			buildConfigurationList = 66D920D727B876B300684017 /* Build configuration list for PBXProject "homeApp" */;
			compatibilityVersion = "Xcode 13.0";
			developmentRegion = en;
			hasScannedForEncodings = 0;
			knownRegions = (
				en,
				Base,
			);
			mainGroup = 66D920D327B876B300684017;
			productRefGroup = 66D920DD27B876B300684017 /* Products */;
			projectDirPath = "";
			projectRoot = "";
			targets = (
				66D920DB27B876B300684017 /* homeApp */,
			);
		};
/* End PBXProject section */

/* Begin PBXResourcesBuildPhase section */
		66D920DA27B876B300684017 /* Resources */ = {
			isa = PBXResourcesBuildPhase;
			buildActionMask = 2147483647;
			files = (
				66D920EC27B876B400684017 /* LaunchScreen.storyboard in Resources */,
				66D920E927B876B400684017 /* Assets.xcassets in Resources */,
				66D920E727B876B300684017 /* Main.storyboard in Resources */,
			);
			runOnlyForDeploymentPostprocessing = 0;
		};
/* End PBXResourcesBuildPhase section */

/* Begin PBXSourcesBuildPhase section */
		66D920D827B876B300684017 /* Sources */ = {
			isa = PBXSourcesBuildPhase;
			buildActionMask = 2147483647;
			files = (
				66D920E427B876B300684017 /* ViewController.swift in Sources */,
				66D9212527B94B4200684017 /* CustomCollectionViewCell.swift in Sources */,
				66D920E027B876B300684017 /* AppDelegate.swift in Sources */,
				66D920F627B88E0000684017 /* InventoryViewController.swift in Sources */,
				66D465B027CEBB2F00BBD927 /* TableView.swift in Sources */,
				66256F4827C6D5850000B025 /* Notification.swift in Sources */,
				66D9212327B9234700684017 /* DataModel.xcdatamodeld in Sources */,
				66D920E227B876B300684017 /* SceneDelegate.swift in Sources */,
				66D920F427B87D1C00684017 /* ToDoListViewController.swift in Sources */,
			);
			runOnlyForDeploymentPostprocessing = 0;
		};
/* End PBXSourcesBuildPhase section */

/* Begin PBXVariantGroup section */
		66D920E527B876B300684017 /* Main.storyboard */ = {
			isa = PBXVariantGroup;
			children = (
				66D920E627B876B300684017 /* Base */,
			);
			name = Main.storyboard;
			sourceTree = "<group>";
		};
		66D920EA27B876B400684017 /* LaunchScreen.storyboard */ = {
			isa = PBXVariantGroup;
			children = (
				66D920EB27B876B400684017 /* Base */,
			);
			name = LaunchScreen.storyboard;
			sourceTree = "<group>";
		};
/* End PBXVariantGroup section */

/* Begin XCBuildConfiguration section */
		66D920EE27B876B400684017 /* Debug */ = {
			isa = XCBuildConfiguration;
			buildSettings = {
				ALWAYS_SEARCH_USER_PATHS = NO;
				CLANG_ANALYZER_NONNULL = YES;
				CLANG_ANALYZER_NUMBER_OBJECT_CONVERSION = YES_AGGRESSIVE;
				CLANG_CXX_LANGUAGE_STANDARD = "gnu++17";
				CLANG_CXX_LIBRARY = "libc++";
				CLANG_ENABLE_MODULES = YES;
				CLANG_ENABLE_OBJC_ARC = YES;
				CLANG_ENABLE_OBJC_WEAK = YES;
				CLANG_WARN_BLOCK_CAPTURE_AUTORELEASING = YES;
				CLANG_WARN_BOOL_CONVERSION = YES;
				CLANG_WARN_COMMA = YES;
				CLANG_WARN_CONSTANT_CONVERSION = YES;
				CLANG_WARN_DEPRECATED_OBJC_IMPLEMENTATIONS = YES;
				CLANG_WARN_DIRECT_OBJC_ISA_USAGE = YES_ERROR;
				CLANG_WARN_DOCUMENTATION_COMMENTS = YES;
				CLANG_WARN_EMPTY_BODY = YES;
				CLANG_WARN_ENUM_CONVERSION = YES;
				CLANG_WARN_INFINITE_RECURSION = YES;
				CLANG_WARN_INT_CONVERSION = YES;
				CLANG_WARN_NON_LITERAL_NULL_CONVERSION = YES;
				CLANG_WARN_OBJC_IMPLICIT_RETAIN_SELF = YES;
				CLANG_WARN_OBJC_LITERAL_CONVERSION = YES;
				CLANG_WARN_OBJC_ROOT_CLASS = YES_ERROR;
				CLANG_WARN_QUOTED_INCLUDE_IN_FRAMEWORK_HEADER = YES;
				CLANG_WARN_RANGE_LOOP_ANALYSIS = YES;
				CLANG_WARN_STRICT_PROTOTYPES = YES;
				CLANG_WARN_SUSPICIOUS_MOVE = YES;
				CLANG_WARN_UNGUARDED_AVAILABILITY = YES_AGGRESSIVE;
				CLANG_WARN_UNREACHABLE_CODE = YES;
				CLANG_WARN__DUPLICATE_METHOD_MATCH = YES;
				COPY_PHASE_STRIP = NO;
				DEBUG_INFORMATION_FORMAT = dwarf;
				ENABLE_STRICT_OBJC_MSGSEND = YES;
				ENABLE_TESTABILITY = YES;
				GCC_C_LANGUAGE_STANDARD = gnu11;
				GCC_DYNAMIC_NO_PIC = NO;
				GCC_NO_COMMON_BLOCKS = YES;
				GCC_OPTIMIZATION_LEVEL = 0;
				GCC_PREPROCESSOR_DEFINITIONS = (
					"DEBUG=1",
					"$(inherited)",
				);
				GCC_WARN_64_TO_32_BIT_CONVERSION = YES;
				GCC_WARN_ABOUT_RETURN_TYPE = YES_ERROR;
				GCC_WARN_UNDECLARED_SELECTOR = YES;
				GCC_WARN_UNINITIALIZED_AUTOS = YES_AGGRESSIVE;
				GCC_WARN_UNUSED_FUNCTION = YES;
				GCC_WARN_UNUSED_VARIABLE = YES;
				IPHONEOS_DEPLOYMENT_TARGET = 15.2;
				MTL_ENABLE_DEBUG_INFO = INCLUDE_SOURCE;
				MTL_FAST_MATH = YES;
				ONLY_ACTIVE_ARCH = YES;
				SDKROOT = iphoneos;
				SWIFT_ACTIVE_COMPILATION_CONDITIONS = DEBUG;
				SWIFT_OPTIMIZATION_LEVEL = "-Onone";
			};
			name = Debug;
		};
		66D920EF27B876B400684017 /* Release */ = {
			isa = XCBuildConfiguration;
			buildSettings = {
				ALWAYS_SEARCH_USER_PATHS = NO;
				CLANG_ANALYZER_NONNULL = YES;
				CLANG_ANALYZER_NUMBER_OBJECT_CONVERSION = YES_AGGRESSIVE;
				CLANG_CXX_LANGUAGE_STANDARD = "gnu++17";
				CLANG_CXX_LIBRARY = "libc++";
				CLANG_ENABLE_MODULES = YES;
				CLANG_ENABLE_OBJC_ARC = YES;
				CLANG_ENABLE_OBJC_WEAK = YES;
				CLANG_WARN_BLOCK_CAPTURE_AUTORELEASING = YES;
				CLANG_WARN_BOOL_CONVERSION = YES;
				CLANG_WARN_COMMA = YES;
				CLANG_WARN_CONSTANT_CONVERSION = YES;
				CLANG_WARN_DEPRECATED_OBJC_IMPLEMENTATIONS = YES;
				CLANG_WARN_DIRECT_OBJC_ISA_USAGE = YES_ERROR;
				CLANG_WARN_DOCUMENTATION_COMMENTS = YES;
				CLANG_WARN_EMPTY_BODY = YES;
				CLANG_WARN_ENUM_CONVERSION = YES;
				CLANG_WARN_INFINITE_RECURSION = YES;
				CLANG_WARN_INT_CONVERSION = YES;
				CLANG_WARN_NON_LITERAL_NULL_CONVERSION = YES;
				CLANG_WARN_OBJC_IMPLICIT_RETAIN_SELF = YES;
				CLANG_WARN_OBJC_LITERAL_CONVERSION = YES;
				CLANG_WARN_OBJC_ROOT_CLASS = YES_ERROR;
				CLANG_WARN_QUOTED_INCLUDE_IN_FRAMEWORK_HEADER = YES;
				CLANG_WARN_RANGE_LOOP_ANALYSIS = YES;
				CLANG_WARN_STRICT_PROTOTYPES = YES;
				CLANG_WARN_SUSPICIOUS_MOVE = YES;
				CLANG_WARN_UNGUARDED_AVAILABILITY = YES_AGGRESSIVE;
				CLANG_WARN_UNREACHABLE_CODE = YES;
				CLANG_WARN__DUPLICATE_METHOD_MATCH = YES;
				COPY_PHASE_STRIP = NO;
				DEBUG_INFORMATION_FORMAT = "dwarf-with-dsym";
				ENABLE_NS_ASSERTIONS = NO;
				ENABLE_STRICT_OBJC_MSGSEND = YES;
				GCC_C_LANGUAGE_STANDARD = gnu11;
				GCC_NO_COMMON_BLOCKS = YES;
				GCC_WARN_64_TO_32_BIT_CONVERSION = YES;
				GCC_WARN_ABOUT_RETURN_TYPE = YES_ERROR;
				GCC_WARN_UNDECLARED_SELECTOR = YES;
				GCC_WARN_UNINITIALIZED_AUTOS = YES_AGGRESSIVE;
				GCC_WARN_UNUSED_FUNCTION = YES;
				GCC_WARN_UNUSED_VARIABLE = YES;
				IPHONEOS_DEPLOYMENT_TARGET = 15.2;
				MTL_ENABLE_DEBUG_INFO = NO;
				MTL_FAST_MATH = YES;
				SDKROOT = iphoneos;
				SWIFT_COMPILATION_MODE = wholemodule;
				SWIFT_OPTIMIZATION_LEVEL = "-O";
				VALIDATE_PRODUCT = YES;
			};
			name = Release;
		};
		66D920F127B876B400684017 /* Debug */ = {
			isa = XCBuildConfiguration;
			buildSettings = {
				ASSETCATALOG_COMPILER_APPICON_NAME = AppIcon;
				ASSETCATALOG_COMPILER_GLOBAL_ACCENT_COLOR_NAME = AccentColor;
				CODE_SIGN_STYLE = Automatic;
				CURRENT_PROJECT_VERSION = 1;
				DEVELOPMENT_TEAM = 28BW499ZN4;
				GENERATE_INFOPLIST_FILE = YES;
				INFOPLIST_FILE = homeApp/Info.plist;
				INFOPLIST_KEY_UIApplicationSupportsIndirectInputEvents = YES;
				INFOPLIST_KEY_UILaunchStoryboardName = LaunchScreen;
				INFOPLIST_KEY_UIMainStoryboardFile = Main;
				INFOPLIST_KEY_UISupportedInterfaceOrientations_iPad = "UIInterfaceOrientationPortrait UIInterfaceOrientationPortraitUpsideDown UIInterfaceOrientationLandscapeLeft UIInterfaceOrientationLandscapeRight";
				INFOPLIST_KEY_UISupportedInterfaceOrientations_iPhone = "UIInterfaceOrientationPortrait UIInterfaceOrientationLandscapeLeft UIInterfaceOrientationLandscapeRight";
				LD_RUNPATH_SEARCH_PATHS = (
					"$(inherited)",
					"@executable_path/Frameworks",
				);
				MARKETING_VERSION = 1.0;
				PRODUCT_BUNDLE_IDENTIFIER = com.krystiangrabowy.homeApp;
				PRODUCT_NAME = "$(TARGET_NAME)";
				SWIFT_EMIT_LOC_STRINGS = YES;
				SWIFT_VERSION = 5.0;
				TARGETED_DEVICE_FAMILY = "1,2";
			};
			name = Debug;
		};
		66D920F227B876B400684017 /* Release */ = {
			isa = XCBuildConfiguration;
			buildSettings = {
				ASSETCATALOG_COMPILER_APPICON_NAME = AppIcon;
				ASSETCATALOG_COMPILER_GLOBAL_ACCENT_COLOR_NAME = AccentColor;
				CODE_SIGN_STYLE = Automatic;
				CURRENT_PROJECT_VERSION = 1;
				DEVELOPMENT_TEAM = 28BW499ZN4;
				GENERATE_INFOPLIST_FILE = YES;
				INFOPLIST_FILE = homeApp/Info.plist;
				INFOPLIST_KEY_UIApplicationSupportsIndirectInputEvents = YES;
				INFOPLIST_KEY_UILaunchStoryboardName = LaunchScreen;
				INFOPLIST_KEY_UIMainStoryboardFile = Main;
				INFOPLIST_KEY_UISupportedInterfaceOrientations_iPad = "UIInterfaceOrientationPortrait UIInterfaceOrientationPortraitUpsideDown UIInterfaceOrientationLandscapeLeft UIInterfaceOrientationLandscapeRight";
				INFOPLIST_KEY_UISupportedInterfaceOrientations_iPhone = "UIInterfaceOrientationPortrait UIInterfaceOrientationLandscapeLeft UIInterfaceOrientationLandscapeRight";
				LD_RUNPATH_SEARCH_PATHS = (
					"$(inherited)",
					"@executable_path/Frameworks",
				);
				MARKETING_VERSION = 1.0;
				PRODUCT_BUNDLE_IDENTIFIER = com.krystiangrabowy.homeApp;
				PRODUCT_NAME = "$(TARGET_NAME)";
				SWIFT_EMIT_LOC_STRINGS = YES;
				SWIFT_VERSION = 5.0;
				TARGETED_DEVICE_FAMILY = "1,2";
			};
			name = Release;
		};
/* End XCBuildConfiguration section */

/* Begin XCConfigurationList section */
		66D920D727B876B300684017 /* Build configuration list for PBXProject "homeApp" */ = {
			isa = XCConfigurationList;
			buildConfigurations = (
				66D920EE27B876B400684017 /* Debug */,
				66D920EF27B876B400684017 /* Release */,
			);
			defaultConfigurationIsVisible = 0;
			defaultConfigurationName = Release;
		};
		66D920F027B876B400684017 /* Build configuration list for PBXNativeTarget "homeApp" */ = {
			isa = XCConfigurationList;
			buildConfigurations = (
				66D920F127B876B400684017 /* Debug */,
				66D920F227B876B400684017 /* Release */,
			);
			defaultConfigurationIsVisible = 0;
			defaultConfigurationName = Release;
		};
/* End XCConfigurationList section */

/* Begin XCVersionGroup section */
		66D9212127B9234700684017 /* DataModel.xcdatamodeld */ = {
			isa = XCVersionGroup;
			children = (
				66D9212227B9234700684017 /* DataModel.xcdatamodel */,
			);
			currentVersion = 66D9212227B9234700684017 /* DataModel.xcdatamodel */;
			path = DataModel.xcdatamodeld;
			sourceTree = "<group>";
			versionGroupType = wrapper.xcdatamodel;
		};
/* End XCVersionGroup section */
	};
	rootObject = 66D920D427B876B300684017 /* Project object */;
}
